
Microsoft Visual Studio Solution File, Format Version 12.00
# Visual Studio Version 17
VisualStudioVersion = 17.1.32421.90
MinimumVisualStudioVersion = 10.0.40219.1
Project("{9A19103F-16F7-4668-BE54-9A1E7A4F7556}") = "ParagliderFlightLog", "ParagliderFlightLog\ParagliderFlightLog.csproj", "{A5B08537-1599-4796-8266-42C144BDC4F8}"
EndProject
Project("{FAE04EC0-301F-11D3-BF4B-00C04F79EFBC}") = "BlazzorUI", "BlazzorUI\BlazzorUI.csproj", "{D9578740-F26E-427F-9B27-325E466E49EF}"
EndProject
Project("{FAE04EC0-301F-11D3-BF4B-00C04F79EFBC}") = "WpfUI", "WpfUI\WpfUI.csproj", "{ADD58DDF-596B-4097-AEF3-10E5572A26FD}"
EndProject
Global
	GlobalSection(SolutionConfigurationPlatforms) = preSolution
		Debug|Any CPU = Debug|Any CPU
		Release|Any CPU = Release|Any CPU
	EndGlobalSection
	GlobalSection(ProjectConfigurationPlatforms) = postSolution
		{A5B08537-1599-4796-8266-42C144BDC4F8}.Debug|Any CPU.ActiveCfg = Debug|Any CPU
		{A5B08537-1599-4796-8266-42C144BDC4F8}.Debug|Any CPU.Build.0 = Debug|Any CPU
		{A5B08537-1599-4796-8266-42C144BDC4F8}.Release|Any CPU.ActiveCfg = Release|Any CPU
		{A5B08537-1599-4796-8266-42C144BDC4F8}.Release|Any CPU.Build.0 = Release|Any CPU
		{D9578740-F26E-427F-9B27-325E466E49EF}.Debug|Any CPU.ActiveCfg = Debug|Any CPU
		{D9578740-F26E-427F-9B27-325E466E49EF}.Debug|Any CPU.Build.0 = Debug|Any CPU
		{D9578740-F26E-427F-9B27-325E466E49EF}.Release|Any CPU.ActiveCfg = Release|Any CPU
		{D9578740-F26E-427F-9B27-325E466E49EF}.Release|Any CPU.Build.0 = Release|Any CPU
		{ADD58DDF-596B-4097-AEF3-10E5572A26FD}.Debug|Any CPU.ActiveCfg = Debug|Any CPU
		{ADD58DDF-596B-4097-AEF3-10E5572A26FD}.Debug|Any CPU.Build.0 = Debug|Any CPU
		{ADD58DDF-596B-4097-AEF3-10E5572A26FD}.Release|Any CPU.ActiveCfg = Release|Any CPU
		{ADD58DDF-596B-4097-AEF3-10E5572A26FD}.Release|Any CPU.Build.0 = Release|Any CPU
	EndGlobalSection
	GlobalSection(SolutionProperties) = preSolution
		HideSolutionNode = FALSE
	EndGlobalSection
	GlobalSection(ExtensibilityGlobals) = postSolution
		SolutionGuid = {578EC82C-AF48-4C82-94BC-666EC7D9C929}
	EndGlobalSection
EndGlobal
