
Microsoft Visual Studio Solution File, Format Version 12.00
# Visual Studio Version 17
VisualStudioVersion = 17.1.32421.90
MinimumVisualStudioVersion = 10.0.40219.1
Project("{9A19103F-16F7-4668-BE54-9A1E7A4F7556}") = "ParagliderFlightLog", "ParagliderFlightLog\ParagliderFlightLog.csproj", "{A5B08537-1599-4796-8266-42C144BDC4F8}"
EndProject
Project("{9A19103F-16F7-4668-BE54-9A1E7A4F7556}") = "ParagliderFlightLogTest", "ParagliderFlightLogTest\ParagliderFlightLogTest.csproj", "{3425CF5E-A51C-4C04-8249-B60FC11A300E}"
EndProject
Project("{9A19103F-16F7-4668-BE54-9A1E7A4F7556}") = "ParaglidingFlightLogWeb", "ParaglidingFlightLogWeb\ParaglidingFlightLogWeb\ParaglidingFlightLogWeb.csproj", "{BDBF4FEA-0DAA-432E-9BD7-EFE28493AFE4}"
EndProject
Project("{9A19103F-16F7-4668-BE54-9A1E7A4F7556}") = "ParaglidingFlightLogWeb.Client", "ParaglidingFlightLogWeb\ParaglidingFlightLogWeb.Client\ParaglidingFlightLogWeb.Client.csproj", "{7360A2A6-694F-43E6-85D4-50E952B59E63}"
EndProject
Global
	GlobalSection(SolutionConfigurationPlatforms) = preSolution
		Debug|Any CPU = Debug|Any CPU
		Release|Any CPU = Release|Any CPU
	EndGlobalSection
	GlobalSection(ProjectConfigurationPlatforms) = postSolution
		{A5B08537-1599-4796-8266-42C144BDC4F8}.Debug|Any CPU.ActiveCfg = Debug|Any CPU
		{A5B08537-1599-4796-8266-42C144BDC4F8}.Debug|Any CPU.Build.0 = Debug|Any CPU
		{A5B08537-1599-4796-8266-42C144BDC4F8}.Release|Any CPU.ActiveCfg = Release|Any CPU
		{A5B08537-1599-4796-8266-42C144BDC4F8}.Release|Any CPU.Build.0 = Release|Any CPU
		{3425CF5E-A51C-4C04-8249-B60FC11A300E}.Debug|Any CPU.ActiveCfg = Debug|Any CPU
		{3425CF5E-A51C-4C04-8249-B60FC11A300E}.Debug|Any CPU.Build.0 = Debug|Any CPU
		{3425CF5E-A51C-4C04-8249-B60FC11A300E}.Release|Any CPU.ActiveCfg = Release|Any CPU
		{3425CF5E-A51C-4C04-8249-B60FC11A300E}.Release|Any CPU.Build.0 = Release|Any CPU
		{BDBF4FEA-0DAA-432E-9BD7-EFE28493AFE4}.Debug|Any CPU.ActiveCfg = Debug|Any CPU
		{BDBF4FEA-0DAA-432E-9BD7-EFE28493AFE4}.Debug|Any CPU.Build.0 = Debug|Any CPU
		{BDBF4FEA-0DAA-432E-9BD7-EFE28493AFE4}.Release|Any CPU.ActiveCfg = Release|Any CPU
		{BDBF4FEA-0DAA-432E-9BD7-EFE28493AFE4}.Release|Any CPU.Build.0 = Release|Any CPU
		{7360A2A6-694F-43E6-85D4-50E952B59E63}.Debug|Any CPU.ActiveCfg = Debug|Any CPU
		{7360A2A6-694F-43E6-85D4-50E952B59E63}.Debug|Any CPU.Build.0 = Debug|Any CPU
		{7360A2A6-694F-43E6-85D4-50E952B59E63}.Release|Any CPU.ActiveCfg = Release|Any CPU
		{7360A2A6-694F-43E6-85D4-50E952B59E63}.Release|Any CPU.Build.0 = Release|Any CPU
	EndGlobalSection
	GlobalSection(SolutionProperties) = preSolution
		HideSolutionNode = FALSE
	EndGlobalSection
	GlobalSection(ExtensibilityGlobals) = postSolution
		SolutionGuid = {578EC82C-AF48-4C82-94BC-666EC7D9C929}
	EndGlobalSection
EndGlobal
